
Microsoft Visual Studio Solution File, Format Version 12.00
# Visual Studio Version 17
VisualStudioVersion = 17.4.33103.184
MinimumVisualStudioVersion = 10.0.40219.1
Project("{FAE04EC0-301F-11D3-BF4B-00C04F79EFBC}") = "Hafta_6", "Hafta_6\Hafta_6.csproj", "{F5E2E3AE-6D4D-4FD8-9922-5D12F94FB43C}"
EndProject
Global
	GlobalSection(SolutionConfigurationPlatforms) = preSolution
		Debug|Any CPU = Debug|Any CPU
		Release|Any CPU = Release|Any CPU
	EndGlobalSection
	GlobalSection(ProjectConfigurationPlatforms) = postSolution
		{F5E2E3AE-6D4D-4FD8-9922-5D12F94FB43C}.Debug|Any CPU.ActiveCfg = Debug|Any CPU
		{F5E2E3AE-6D4D-4FD8-9922-5D12F94FB43C}.Debug|Any CPU.Build.0 = Debug|Any CPU
		{F5E2E3AE-6D4D-4FD8-9922-5D12F94FB43C}.Release|Any CPU.ActiveCfg = Release|Any CPU
		{F5E2E3AE-6D4D-4FD8-9922-5D12F94FB43C}.Release|Any CPU.Build.0 = Release|Any CPU
	EndGlobalSection
	GlobalSection(SolutionProperties) = preSolution
		HideSolutionNode = FALSE
	EndGlobalSection
	GlobalSection(ExtensibilityGlobals) = postSolution
		SolutionGuid = {9AF2CA0A-AAAF-48B9-9F53-D9B9D3838525}
	EndGlobalSection
EndGlobal
