
Microsoft Visual Studio Solution File, Format Version 12.00
# Visual Studio Version 17
VisualStudioVersion = 17.4.33110.190
MinimumVisualStudioVersion = 10.0.40219.1
Project("{FAE04EC0-301F-11D3-BF4B-00C04F79EFBC}") = "Hafta_7", "Hafta_7\Hafta_7.csproj", "{DE92E5C1-14B0-475B-A0E2-F37B2A57A7BC}"
EndProject
Global
	GlobalSection(SolutionConfigurationPlatforms) = preSolution
		Debug|Any CPU = Debug|Any CPU
		Release|Any CPU = Release|Any CPU
	EndGlobalSection
	GlobalSection(ProjectConfigurationPlatforms) = postSolution
		{DE92E5C1-14B0-475B-A0E2-F37B2A57A7BC}.Debug|Any CPU.ActiveCfg = Debug|Any CPU
		{DE92E5C1-14B0-475B-A0E2-F37B2A57A7BC}.Debug|Any CPU.Build.0 = Debug|Any CPU
		{DE92E5C1-14B0-475B-A0E2-F37B2A57A7BC}.Release|Any CPU.ActiveCfg = Release|Any CPU
		{DE92E5C1-14B0-475B-A0E2-F37B2A57A7BC}.Release|Any CPU.Build.0 = Release|Any CPU
	EndGlobalSection
	GlobalSection(SolutionProperties) = preSolution
		HideSolutionNode = FALSE
	EndGlobalSection
	GlobalSection(ExtensibilityGlobals) = postSolution
		SolutionGuid = {EEFB15D7-81D5-4A23-92EC-6F63989EC711}
	EndGlobalSection
EndGlobal
