
Microsoft Visual Studio Solution File, Format Version 12.00
# Visual Studio Version 16
VisualStudioVersion = 16.0.30711.63
MinimumVisualStudioVersion = 10.0.40219.1
Project("{FAE04EC0-301F-11D3-BF4B-00C04F79EFBC}") = "Hafta_11", "Hafta_11\Hafta_11.csproj", "{0B458E8A-84AC-4DFD-A87C-D1DC84F14781}"
EndProject
Global
	GlobalSection(SolutionConfigurationPlatforms) = preSolution
		Debug|Any CPU = Debug|Any CPU
		Release|Any CPU = Release|Any CPU
	EndGlobalSection
	GlobalSection(ProjectConfigurationPlatforms) = postSolution
		{0B458E8A-84AC-4DFD-A87C-D1DC84F14781}.Debug|Any CPU.ActiveCfg = Debug|Any CPU
		{0B458E8A-84AC-4DFD-A87C-D1DC84F14781}.Debug|Any CPU.Build.0 = Debug|Any CPU
		{0B458E8A-84AC-4DFD-A87C-D1DC84F14781}.Release|Any CPU.ActiveCfg = Release|Any CPU
		{0B458E8A-84AC-4DFD-A87C-D1DC84F14781}.Release|Any CPU.Build.0 = Release|Any CPU
	EndGlobalSection
	GlobalSection(SolutionProperties) = preSolution
		HideSolutionNode = FALSE
	EndGlobalSection
	GlobalSection(ExtensibilityGlobals) = postSolution
		SolutionGuid = {A47BA303-D4C0-4602-9BCD-E6CC55E4887E}
	EndGlobalSection
EndGlobal
