
Microsoft Visual Studio Solution File, Format Version 12.00
# Visual Studio Version 16
VisualStudioVersion = 16.0.31702.278
MinimumVisualStudioVersion = 10.0.40219.1
Project("{FAE04EC0-301F-11D3-BF4B-00C04F79EFBC}") = "ConsoleApp1", "ConsoleApp1\ConsoleApp1.csproj", "{0E4375F4-AEAE-4C3D-8B72-E84FDE1E1F28}"
EndProject
Global
	GlobalSection(SolutionConfigurationPlatforms) = preSolution
		Debug|Any CPU = Debug|Any CPU
		Release|Any CPU = Release|Any CPU
	EndGlobalSection
	GlobalSection(ProjectConfigurationPlatforms) = postSolution
		{0E4375F4-AEAE-4C3D-8B72-E84FDE1E1F28}.Debug|Any CPU.ActiveCfg = Debug|Any CPU
		{0E4375F4-AEAE-4C3D-8B72-E84FDE1E1F28}.Debug|Any CPU.Build.0 = Debug|Any CPU
		{0E4375F4-AEAE-4C3D-8B72-E84FDE1E1F28}.Release|Any CPU.ActiveCfg = Release|Any CPU
		{0E4375F4-AEAE-4C3D-8B72-E84FDE1E1F28}.Release|Any CPU.Build.0 = Release|Any CPU
	EndGlobalSection
	GlobalSection(SolutionProperties) = preSolution
		HideSolutionNode = FALSE
	EndGlobalSection
	GlobalSection(ExtensibilityGlobals) = postSolution
		SolutionGuid = {D1F3D23D-1425-4846-9B0E-89E7A048B94C}
	EndGlobalSection
EndGlobal
