
Microsoft Visual Studio Solution File, Format Version 12.00
# Visual Studio Version 16
VisualStudioVersion = 16.0.30711.63
MinimumVisualStudioVersion = 10.0.40219.1
Project("{FAE04EC0-301F-11D3-BF4B-00C04F79EFBC}") = "Hafta-7", "Hafta-7\Hafta-7.csproj", "{65520E0E-9AE7-468B-B86C-DAD89AD18782}"
EndProject
Global
	GlobalSection(SolutionConfigurationPlatforms) = preSolution
		Debug|Any CPU = Debug|Any CPU
		Release|Any CPU = Release|Any CPU
	EndGlobalSection
	GlobalSection(ProjectConfigurationPlatforms) = postSolution
		{65520E0E-9AE7-468B-B86C-DAD89AD18782}.Debug|Any CPU.ActiveCfg = Debug|Any CPU
		{65520E0E-9AE7-468B-B86C-DAD89AD18782}.Debug|Any CPU.Build.0 = Debug|Any CPU
		{65520E0E-9AE7-468B-B86C-DAD89AD18782}.Release|Any CPU.ActiveCfg = Release|Any CPU
		{65520E0E-9AE7-468B-B86C-DAD89AD18782}.Release|Any CPU.Build.0 = Release|Any CPU
	EndGlobalSection
	GlobalSection(SolutionProperties) = preSolution
		HideSolutionNode = FALSE
	EndGlobalSection
	GlobalSection(ExtensibilityGlobals) = postSolution
		SolutionGuid = {E07795E3-4BE3-44E6-97C9-B1C990134A5B}
	EndGlobalSection
EndGlobal
