
Microsoft Visual Studio Solution File, Format Version 12.00
# Visual Studio Version 17
VisualStudioVersion = 17.4.33205.214
MinimumVisualStudioVersion = 10.0.40219.1
Project("{FAE04EC0-301F-11D3-BF4B-00C04F79EFBC}") = "Hafta_12", "Hafta_12\Hafta_12.csproj", "{647D7D12-D3A3-4E79-B959-CD295DDE34CD}"
EndProject
Global
	GlobalSection(SolutionConfigurationPlatforms) = preSolution
		Debug|Any CPU = Debug|Any CPU
		Release|Any CPU = Release|Any CPU
	EndGlobalSection
	GlobalSection(ProjectConfigurationPlatforms) = postSolution
		{647D7D12-D3A3-4E79-B959-CD295DDE34CD}.Debug|Any CPU.ActiveCfg = Debug|Any CPU
		{647D7D12-D3A3-4E79-B959-CD295DDE34CD}.Debug|Any CPU.Build.0 = Debug|Any CPU
		{647D7D12-D3A3-4E79-B959-CD295DDE34CD}.Release|Any CPU.ActiveCfg = Release|Any CPU
		{647D7D12-D3A3-4E79-B959-CD295DDE34CD}.Release|Any CPU.Build.0 = Release|Any CPU
	EndGlobalSection
	GlobalSection(SolutionProperties) = preSolution
		HideSolutionNode = FALSE
	EndGlobalSection
	GlobalSection(ExtensibilityGlobals) = postSolution
		SolutionGuid = {79096831-8762-4A67-A803-4B090D41B964}
	EndGlobalSection
EndGlobal
