
Microsoft Visual Studio Solution File, Format Version 12.00
# Visual Studio Version 16
VisualStudioVersion = 16.0.30711.63
MinimumVisualStudioVersion = 10.0.40219.1
Project("{FAE04EC0-301F-11D3-BF4B-00C04F79EFBC}") = "Hafta 12", "Hafta 12\Hafta 12.csproj", "{777F20A6-290C-48C7-BC5C-201519C99F14}"
EndProject
Global
	GlobalSection(SolutionConfigurationPlatforms) = preSolution
		Debug|Any CPU = Debug|Any CPU
		Release|Any CPU = Release|Any CPU
	EndGlobalSection
	GlobalSection(ProjectConfigurationPlatforms) = postSolution
		{777F20A6-290C-48C7-BC5C-201519C99F14}.Debug|Any CPU.ActiveCfg = Debug|Any CPU
		{777F20A6-290C-48C7-BC5C-201519C99F14}.Debug|Any CPU.Build.0 = Debug|Any CPU
		{777F20A6-290C-48C7-BC5C-201519C99F14}.Release|Any CPU.ActiveCfg = Release|Any CPU
		{777F20A6-290C-48C7-BC5C-201519C99F14}.Release|Any CPU.Build.0 = Release|Any CPU
	EndGlobalSection
	GlobalSection(SolutionProperties) = preSolution
		HideSolutionNode = FALSE
	EndGlobalSection
	GlobalSection(ExtensibilityGlobals) = postSolution
		SolutionGuid = {13646C37-CA52-42B9-8E02-6A868D483B72}
	EndGlobalSection
EndGlobal
